
Microsoft Visual Studio Solution File, Format Version 12.00
# Visual Studio 14
VisualStudioVersion = 14.0.25123.0
MinimumVisualStudioVersion = 10.0.40219.1
Project("{FAE04EC0-301F-11D3-BF4B-00C04F79EFBC}") = "ValkyriePlayer", "ValkyriePlayer\ValkyriePlayer.csproj", "{E3737243-243C-41B3-8664-A29062B69745}"
EndProject
Project("{2150E333-8FDC-42A3-9474-1A3956D46DE8}") = "Modules", "Modules", "{43C2584C-C7A1-4FD6-BCBD-0FC84FE8A392}"
EndProject
Project("{FAE04EC0-301F-11D3-BF4B-00C04F79EFBC}") = "ValkyriePlayer.Module.Main", "ValkyriePlayer.Module.Settings\ValkyriePlayer.Module.Main.csproj", "{F395872D-2A8C-4AC5-95A8-F07638C37757}"
EndProject
Project("{FAE04EC0-301F-11D3-BF4B-00C04F79EFBC}") = "Common", "Globals\Common.csproj", "{8D237E42-1C0C-46D1-AF25-7D0DFD500CB8}"
EndProject
Global
	GlobalSection(SolutionConfigurationPlatforms) = preSolution
		Debug|Any CPU = Debug|Any CPU
		Release|Any CPU = Release|Any CPU
	EndGlobalSection
	GlobalSection(ProjectConfigurationPlatforms) = postSolution
		{E3737243-243C-41B3-8664-A29062B69745}.Debug|Any CPU.ActiveCfg = Debug|Any CPU
		{E3737243-243C-41B3-8664-A29062B69745}.Debug|Any CPU.Build.0 = Debug|Any CPU
		{E3737243-243C-41B3-8664-A29062B69745}.Release|Any CPU.ActiveCfg = Release|Any CPU
		{E3737243-243C-41B3-8664-A29062B69745}.Release|Any CPU.Build.0 = Release|Any CPU
		{F395872D-2A8C-4AC5-95A8-F07638C37757}.Debug|Any CPU.ActiveCfg = Debug|Any CPU
		{F395872D-2A8C-4AC5-95A8-F07638C37757}.Debug|Any CPU.Build.0 = Debug|Any CPU
		{F395872D-2A8C-4AC5-95A8-F07638C37757}.Release|Any CPU.ActiveCfg = Release|Any CPU
		{F395872D-2A8C-4AC5-95A8-F07638C37757}.Release|Any CPU.Build.0 = Release|Any CPU
		{8D237E42-1C0C-46D1-AF25-7D0DFD500CB8}.Debug|Any CPU.ActiveCfg = Debug|Any CPU
		{8D237E42-1C0C-46D1-AF25-7D0DFD500CB8}.Debug|Any CPU.Build.0 = Debug|Any CPU
		{8D237E42-1C0C-46D1-AF25-7D0DFD500CB8}.Release|Any CPU.ActiveCfg = Release|Any CPU
		{8D237E42-1C0C-46D1-AF25-7D0DFD500CB8}.Release|Any CPU.Build.0 = Release|Any CPU
	EndGlobalSection
	GlobalSection(SolutionProperties) = preSolution
		HideSolutionNode = FALSE
	EndGlobalSection
	GlobalSection(NestedProjects) = preSolution
		{F395872D-2A8C-4AC5-95A8-F07638C37757} = {43C2584C-C7A1-4FD6-BCBD-0FC84FE8A392}
	EndGlobalSection
EndGlobal
